
Microsoft Visual Studio Solution File, Format Version 12.00
# Visual Studio Version 16
VisualStudioVersion = 16.0.29613.14
MinimumVisualStudioVersion = 10.0.40219.1
Project("{FAE04EC0-301F-11D3-BF4B-00C04F79EFBC}") = "AplicativoDataBiding.Android", "AplicativoDataBiding\AplicativoDataBiding.Android\AplicativoDataBiding.Android.csproj", "{8D8957DF-C40F-4A22-B1E4-003E9BCCD110}"
EndProject
Project("{FAE04EC0-301F-11D3-BF4B-00C04F79EFBC}") = "AplicativoDataBiding.iOS", "AplicativoDataBiding\AplicativoDataBiding.iOS\AplicativoDataBiding.iOS.csproj", "{06DA45BA-CE35-47CC-A349-1DCDE5AEF5A5}"
EndProject
Project("{FAE04EC0-301F-11D3-BF4B-00C04F79EFBC}") = "AplicativoDataBiding", "AplicativoDataBiding\AplicativoDataBiding\AplicativoDataBiding.csproj", "{77ABDBB4-F5E3-43E8-BCBF-0DB8A52EBE8D}"
EndProject
Global
	GlobalSection(SolutionConfigurationPlatforms) = preSolution
		Debug|Any CPU = Debug|Any CPU
		Debug|iPhone = Debug|iPhone
		Debug|iPhoneSimulator = Debug|iPhoneSimulator
		Release|Any CPU = Release|Any CPU
		Release|iPhone = Release|iPhone
		Release|iPhoneSimulator = Release|iPhoneSimulator
	EndGlobalSection
	GlobalSection(ProjectConfigurationPlatforms) = postSolution
		{8D8957DF-C40F-4A22-B1E4-003E9BCCD110}.Debug|Any CPU.ActiveCfg = Debug|Any CPU
		{8D8957DF-C40F-4A22-B1E4-003E9BCCD110}.Debug|Any CPU.Build.0 = Debug|Any CPU
		{8D8957DF-C40F-4A22-B1E4-003E9BCCD110}.Debug|Any CPU.Deploy.0 = Debug|Any CPU
		{8D8957DF-C40F-4A22-B1E4-003E9BCCD110}.Debug|iPhone.ActiveCfg = Debug|Any CPU
		{8D8957DF-C40F-4A22-B1E4-003E9BCCD110}.Debug|iPhone.Build.0 = Debug|Any CPU
		{8D8957DF-C40F-4A22-B1E4-003E9BCCD110}.Debug|iPhone.Deploy.0 = Debug|Any CPU
		{8D8957DF-C40F-4A22-B1E4-003E9BCCD110}.Debug|iPhoneSimulator.ActiveCfg = Debug|Any CPU
		{8D8957DF-C40F-4A22-B1E4-003E9BCCD110}.Debug|iPhoneSimulator.Build.0 = Debug|Any CPU
		{8D8957DF-C40F-4A22-B1E4-003E9BCCD110}.Debug|iPhoneSimulator.Deploy.0 = Debug|Any CPU
		{8D8957DF-C40F-4A22-B1E4-003E9BCCD110}.Release|Any CPU.ActiveCfg = Release|Any CPU
		{8D8957DF-C40F-4A22-B1E4-003E9BCCD110}.Release|Any CPU.Build.0 = Release|Any CPU
		{8D8957DF-C40F-4A22-B1E4-003E9BCCD110}.Release|Any CPU.Deploy.0 = Release|Any CPU
		{8D8957DF-C40F-4A22-B1E4-003E9BCCD110}.Release|iPhone.ActiveCfg = Release|Any CPU
		{8D8957DF-C40F-4A22-B1E4-003E9BCCD110}.Release|iPhone.Build.0 = Release|Any CPU
		{8D8957DF-C40F-4A22-B1E4-003E9BCCD110}.Release|iPhone.Deploy.0 = Release|Any CPU
		{8D8957DF-C40F-4A22-B1E4-003E9BCCD110}.Release|iPhoneSimulator.ActiveCfg = Release|Any CPU
		{8D8957DF-C40F-4A22-B1E4-003E9BCCD110}.Release|iPhoneSimulator.Build.0 = Release|Any CPU
		{8D8957DF-C40F-4A22-B1E4-003E9BCCD110}.Release|iPhoneSimulator.Deploy.0 = Release|Any CPU
		{06DA45BA-CE35-47CC-A349-1DCDE5AEF5A5}.Debug|Any CPU.ActiveCfg = Debug|iPhoneSimulator
		{06DA45BA-CE35-47CC-A349-1DCDE5AEF5A5}.Debug|Any CPU.Build.0 = Debug|iPhoneSimulator
		{06DA45BA-CE35-47CC-A349-1DCDE5AEF5A5}.Debug|Any CPU.Deploy.0 = Debug|iPhoneSimulator
		{06DA45BA-CE35-47CC-A349-1DCDE5AEF5A5}.Debug|iPhone.ActiveCfg = Debug|iPhone
		{06DA45BA-CE35-47CC-A349-1DCDE5AEF5A5}.Debug|iPhone.Build.0 = Debug|iPhone
		{06DA45BA-CE35-47CC-A349-1DCDE5AEF5A5}.Debug|iPhone.Deploy.0 = Debug|iPhone
		{06DA45BA-CE35-47CC-A349-1DCDE5AEF5A5}.Debug|iPhoneSimulator.ActiveCfg = Debug|iPhoneSimulator
		{06DA45BA-CE35-47CC-A349-1DCDE5AEF5A5}.Debug|iPhoneSimulator.Build.0 = Debug|iPhoneSimulator
		{06DA45BA-CE35-47CC-A349-1DCDE5AEF5A5}.Debug|iPhoneSimulator.Deploy.0 = Debug|iPhoneSimulator
		{06DA45BA-CE35-47CC-A349-1DCDE5AEF5A5}.Release|Any CPU.ActiveCfg = Release|iPhone
		{06DA45BA-CE35-47CC-A349-1DCDE5AEF5A5}.Release|Any CPU.Build.0 = Release|iPhone
		{06DA45BA-CE35-47CC-A349-1DCDE5AEF5A5}.Release|Any CPU.Deploy.0 = Release|iPhone
		{06DA45BA-CE35-47CC-A349-1DCDE5AEF5A5}.Release|iPhone.ActiveCfg = Release|iPhone
		{06DA45BA-CE35-47CC-A349-1DCDE5AEF5A5}.Release|iPhone.Build.0 = Release|iPhone
		{06DA45BA-CE35-47CC-A349-1DCDE5AEF5A5}.Release|iPhone.Deploy.0 = Release|iPhone
		{06DA45BA-CE35-47CC-A349-1DCDE5AEF5A5}.Release|iPhoneSimulator.ActiveCfg = Release|iPhoneSimulator
		{06DA45BA-CE35-47CC-A349-1DCDE5AEF5A5}.Release|iPhoneSimulator.Build.0 = Release|iPhoneSimulator
		{06DA45BA-CE35-47CC-A349-1DCDE5AEF5A5}.Release|iPhoneSimulator.Deploy.0 = Release|iPhoneSimulator
		{77ABDBB4-F5E3-43E8-BCBF-0DB8A52EBE8D}.Debug|Any CPU.ActiveCfg = Debug|Any CPU
		{77ABDBB4-F5E3-43E8-BCBF-0DB8A52EBE8D}.Debug|Any CPU.Build.0 = Debug|Any CPU
		{77ABDBB4-F5E3-43E8-BCBF-0DB8A52EBE8D}.Debug|Any CPU.Deploy.0 = Debug|Any CPU
		{77ABDBB4-F5E3-43E8-BCBF-0DB8A52EBE8D}.Debug|iPhone.ActiveCfg = Debug|Any CPU
		{77ABDBB4-F5E3-43E8-BCBF-0DB8A52EBE8D}.Debug|iPhone.Build.0 = Debug|Any CPU
		{77ABDBB4-F5E3-43E8-BCBF-0DB8A52EBE8D}.Debug|iPhone.Deploy.0 = Debug|Any CPU
		{77ABDBB4-F5E3-43E8-BCBF-0DB8A52EBE8D}.Debug|iPhoneSimulator.ActiveCfg = Debug|Any CPU
		{77ABDBB4-F5E3-43E8-BCBF-0DB8A52EBE8D}.Debug|iPhoneSimulator.Build.0 = Debug|Any CPU
		{77ABDBB4-F5E3-43E8-BCBF-0DB8A52EBE8D}.Debug|iPhoneSimulator.Deploy.0 = Debug|Any CPU
		{77ABDBB4-F5E3-43E8-BCBF-0DB8A52EBE8D}.Release|Any CPU.ActiveCfg = Release|Any CPU
		{77ABDBB4-F5E3-43E8-BCBF-0DB8A52EBE8D}.Release|Any CPU.Build.0 = Release|Any CPU
		{77ABDBB4-F5E3-43E8-BCBF-0DB8A52EBE8D}.Release|Any CPU.Deploy.0 = Release|Any CPU
		{77ABDBB4-F5E3-43E8-BCBF-0DB8A52EBE8D}.Release|iPhone.ActiveCfg = Release|Any CPU
		{77ABDBB4-F5E3-43E8-BCBF-0DB8A52EBE8D}.Release|iPhone.Build.0 = Release|Any CPU
		{77ABDBB4-F5E3-43E8-BCBF-0DB8A52EBE8D}.Release|iPhone.Deploy.0 = Release|Any CPU
		{77ABDBB4-F5E3-43E8-BCBF-0DB8A52EBE8D}.Release|iPhoneSimulator.ActiveCfg = Release|Any CPU
		{77ABDBB4-F5E3-43E8-BCBF-0DB8A52EBE8D}.Release|iPhoneSimulator.Build.0 = Release|Any CPU
		{77ABDBB4-F5E3-43E8-BCBF-0DB8A52EBE8D}.Release|iPhoneSimulator.Deploy.0 = Release|Any CPU
	EndGlobalSection
	GlobalSection(SolutionProperties) = preSolution
		HideSolutionNode = FALSE
	EndGlobalSection
	GlobalSection(ExtensibilityGlobals) = postSolution
		SolutionGuid = {9E7787CF-8EC8-4A37-B955-BD354623A3E0}
	EndGlobalSection
EndGlobal
